
Microsoft Visual Studio Solution File, Format Version 12.00
# Visual Studio Version 16
VisualStudioVersion = 16.0.31729.503
MinimumVisualStudioVersion = 10.0.40219.1
Project("{9A19103F-16F7-4668-BE54-9A1E7A4F7556}") = "TECHNICALCV", "TECHNICALCV\TECHNICALCV.csproj", "{6691C5DF-B87A-4C33-823A-1C86FA0B7133}"
EndProject
Global
	GlobalSection(SolutionConfigurationPlatforms) = preSolution
		Debug|Any CPU = Debug|Any CPU
		Release|Any CPU = Release|Any CPU
	EndGlobalSection
	GlobalSection(ProjectConfigurationPlatforms) = postSolution
		{6691C5DF-B87A-4C33-823A-1C86FA0B7133}.Debug|Any CPU.ActiveCfg = Debug|Any CPU
		{6691C5DF-B87A-4C33-823A-1C86FA0B7133}.Debug|Any CPU.Build.0 = Debug|Any CPU
		{6691C5DF-B87A-4C33-823A-1C86FA0B7133}.Release|Any CPU.ActiveCfg = Release|Any CPU
		{6691C5DF-B87A-4C33-823A-1C86FA0B7133}.Release|Any CPU.Build.0 = Release|Any CPU
	EndGlobalSection
	GlobalSection(SolutionProperties) = preSolution
		HideSolutionNode = FALSE
	EndGlobalSection
	GlobalSection(ExtensibilityGlobals) = postSolution
		SolutionGuid = {791D22F5-69AA-4CB6-9FE4-2AC6F3D5D4E7}
	EndGlobalSection
EndGlobal
